{
  "name": "playground",
  "version": "1.0.0",
  "lockfileVersion": 1,
  "requires": true,
  "dependencies": {
    "dinero.js": {
      "version": "1.8.1",
      "resolved": "https://registry.npmjs.org/dinero.js/-/dinero.js-1.8.1.tgz",
      "integrity": "sha512-AQ09MDKonkGUrhBZZFx4tPTVcVJuHJ0VEA73LvcBoBB2eQSi1DbapeXj4wnUUpx1hVnPdyev1xPNnNMGy/Au0g=="
    }
  }
}
